
Microsoft Visual Studio Solution File, Format Version 12.00
# Visual Studio 15
VisualStudioVersion = 15.0.27130.2020
MinimumVisualStudioVersion = 10.0.40219.1
Project("{8BC9CEB8-8B4A-11D0-8D11-00A0C91BC942}") = "과제3주차(주사위)", "과제3주차(주사위)\과제3주차(주사위).vcxproj", "{7608F87D-309A-45BF-8FA2-5E9BA135B5EC}"
EndProject
Global
	GlobalSection(SolutionConfigurationPlatforms) = preSolution
		Debug|x64 = Debug|x64
		Debug|x86 = Debug|x86
		Release|x64 = Release|x64
		Release|x86 = Release|x86
	EndGlobalSection
	GlobalSection(ProjectConfigurationPlatforms) = postSolution
		{7608F87D-309A-45BF-8FA2-5E9BA135B5EC}.Debug|x64.ActiveCfg = Debug|x64
		{7608F87D-309A-45BF-8FA2-5E9BA135B5EC}.Debug|x64.Build.0 = Debug|x64
		{7608F87D-309A-45BF-8FA2-5E9BA135B5EC}.Debug|x86.ActiveCfg = Debug|Win32
		{7608F87D-309A-45BF-8FA2-5E9BA135B5EC}.Debug|x86.Build.0 = Debug|Win32
		{7608F87D-309A-45BF-8FA2-5E9BA135B5EC}.Release|x64.ActiveCfg = Release|x64
		{7608F87D-309A-45BF-8FA2-5E9BA135B5EC}.Release|x64.Build.0 = Release|x64
		{7608F87D-309A-45BF-8FA2-5E9BA135B5EC}.Release|x86.ActiveCfg = Release|Win32
		{7608F87D-309A-45BF-8FA2-5E9BA135B5EC}.Release|x86.Build.0 = Release|Win32
	EndGlobalSection
	GlobalSection(SolutionProperties) = preSolution
		HideSolutionNode = FALSE
	EndGlobalSection
	GlobalSection(ExtensibilityGlobals) = postSolution
		SolutionGuid = {4022EF2A-F243-4C60-BC40-671219C5DFCE}
	EndGlobalSection
EndGlobal
